
Microsoft Visual Studio Solution File, Format Version 12.00
# Visual Studio Version 16
VisualStudioVersion = 16.0.31402.337
MinimumVisualStudioVersion = 10.0.40219.1
Project("{FAE04EC0-301F-11D3-BF4B-00C04F79EFBC}") = "ServiceBus.Producer", "ServiceBus.Producer\ServiceBus.Producer.csproj", "{FC8A12BE-69D7-4802-BB55-B706CF17DB11}"
EndProject
Project("{FAE04EC0-301F-11D3-BF4B-00C04F79EFBC}") = "ServiceBus.Consumer", "..\ServiceBus.Consumer\ServiceBus.Consumer.csproj", "{9BD61BAB-0518-4352-97EB-9486181560CE}"
EndProject
Global
	GlobalSection(SolutionConfigurationPlatforms) = preSolution
		Debug|Any CPU = Debug|Any CPU
		Release|Any CPU = Release|Any CPU
	EndGlobalSection
	GlobalSection(ProjectConfigurationPlatforms) = postSolution
		{FC8A12BE-69D7-4802-BB55-B706CF17DB11}.Debug|Any CPU.ActiveCfg = Debug|Any CPU
		{FC8A12BE-69D7-4802-BB55-B706CF17DB11}.Debug|Any CPU.Build.0 = Debug|Any CPU
		{FC8A12BE-69D7-4802-BB55-B706CF17DB11}.Release|Any CPU.ActiveCfg = Release|Any CPU
		{FC8A12BE-69D7-4802-BB55-B706CF17DB11}.Release|Any CPU.Build.0 = Release|Any CPU
		{9BD61BAB-0518-4352-97EB-9486181560CE}.Debug|Any CPU.ActiveCfg = Debug|Any CPU
		{9BD61BAB-0518-4352-97EB-9486181560CE}.Debug|Any CPU.Build.0 = Debug|Any CPU
		{9BD61BAB-0518-4352-97EB-9486181560CE}.Release|Any CPU.ActiveCfg = Release|Any CPU
		{9BD61BAB-0518-4352-97EB-9486181560CE}.Release|Any CPU.Build.0 = Release|Any CPU
	EndGlobalSection
	GlobalSection(SolutionProperties) = preSolution
		HideSolutionNode = FALSE
	EndGlobalSection
	GlobalSection(ExtensibilityGlobals) = postSolution
		SolutionGuid = {BB41A1EB-6B16-42AD-A87F-FE0FE0CCD3B6}
	EndGlobalSection
EndGlobal
